version = 1
revision = 2
requires-python = ">=3.11"

[[package]]
name = "greenlet"
version = "3.2.3"
source = { registry = "https://pypi.org/simple" }
sdist = { url = "https://files.pythonhosted.org/packages/c9/92/bb85bd6e80148a4d2e0c59f7c0c2891029f8fd510183afc7d8d2feeed9b6/greenlet-3.2.3.tar.gz", hash = "sha256:8b0dd8ae4c0d6f5e54ee55ba935eeb3d735a9b58a8a1e5b5cbab64e01a39f365", size = 185752, upload-time = "2025-06-05T16:16:09.955Z" }
wheels = [
    { url = "https://files.pythonhosted.org/packages/fc/2e/d4fcb2978f826358b673f779f78fa8a32ee37df11920dc2bb5589cbeecef/greenlet-3.2.3-cp311-cp311-macosx_11_0_universal2.whl", hash = "sha256:784ae58bba89fa1fa5733d170d42486580cab9decda3484779f4759345b29822", size = 270219, upload-time = "2025-06-05T16:10:10.414Z" },
    { url = "https://files.pythonhosted.org/packages/16/24/929f853e0202130e4fe163bc1d05a671ce8dcd604f790e14896adac43a52/greenlet-3.2.3-cp311-cp311-manylinux2014_aarch64.manylinux_2_17_aarch64.whl", hash = "sha256:0921ac4ea42a5315d3446120ad48f90c3a6b9bb93dd9b3cf4e4d84a66e42de83", size = 630383, upload-time = "2025-06-05T16:38:51.785Z" },
    { url = "https://files.pythonhosted.org/packages/d1/b2/0320715eb61ae70c25ceca2f1d5ae620477d246692d9cc284c13242ec31c/greenlet-3.2.3-cp311-cp311-manylinux2014_ppc64le.manylinux_2_17_ppc64le.whl", hash = "sha256:d2971d93bb99e05f8c2c0c2f4aa9484a18d98c4c3bd3c62b65b7e6ae33dfcfaf", size = 642422, upload-time = "2025-06-05T16:41:35.259Z" },
    { url = "https://files.pythonhosted.org/packages/bd/49/445fd1a210f4747fedf77615d941444349c6a3a4a1135bba9701337cd966/greenlet-3.2.3-cp311-cp311-manylinux2014_s390x.manylinux_2_17_s390x.whl", hash = "sha256:c667c0bf9d406b77a15c924ef3285e1e05250948001220368e039b6aa5b5034b", size = 638375, upload-time = "2025-06-05T16:48:18.235Z" },
    { url = "https://files.pythonhosted.org/packages/7e/c8/ca19760cf6eae75fa8dc32b487e963d863b3ee04a7637da77b616703bc37/greenlet-3.2.3-cp311-cp311-manylinux2014_x86_64.manylinux_2_17_x86_64.whl", hash = "sha256:592c12fb1165be74592f5de0d70f82bc5ba552ac44800d632214b76089945147", size = 637627, upload-time = "2025-06-05T16:13:02.858Z" },
    { url = "https://files.pythonhosted.org/packages/65/89/77acf9e3da38e9bcfca881e43b02ed467c1dedc387021fc4d9bd9928afb8/greenlet-3.2.3-cp311-cp311-manylinux_2_24_x86_64.manylinux_2_28_x86_64.whl", hash = "sha256:29e184536ba333003540790ba29829ac14bb645514fbd7e32af331e8202a62a5", size = 585502, upload-time = "2025-06-05T16:12:49.642Z" },
    { url = "https://files.pythonhosted.org/packages/97/c6/ae244d7c95b23b7130136e07a9cc5aadd60d59b5951180dc7dc7e8edaba7/greenlet-3.2.3-cp311-cp311-musllinux_1_1_aarch64.whl", hash = "sha256:93c0bb79844a367782ec4f429d07589417052e621aa39a5ac1fb99c5aa308edc", size = 1114498, upload-time = "2025-06-05T16:36:46.598Z" },
    { url = "https://files.pythonhosted.org/packages/89/5f/b16dec0cbfd3070658e0d744487919740c6d45eb90946f6787689a7efbce/greenlet-3.2.3-cp311-cp311-musllinux_1_1_x86_64.whl", hash = "sha256:751261fc5ad7b6705f5f76726567375bb2104a059454e0226e1eef6c756748ba", size = 1139977, upload-time = "2025-06-05T16:12:38.262Z" },
    { url = "https://files.pythonhosted.org/packages/66/77/d48fb441b5a71125bcac042fc5b1494c806ccb9a1432ecaa421e72157f77/greenlet-3.2.3-cp311-cp311-win_amd64.whl", hash = "sha256:83a8761c75312361aa2b5b903b79da97f13f556164a7dd2d5448655425bd4c34", size = 297017, upload-time = "2025-06-05T16:25:05.225Z" },
    { url = "https://files.pythonhosted.org/packages/f3/94/ad0d435f7c48debe960c53b8f60fb41c2026b1d0fa4a99a1cb17c3461e09/greenlet-3.2.3-cp312-cp312-macosx_11_0_universal2.whl", hash = "sha256:25ad29caed5783d4bd7a85c9251c651696164622494c00802a139c00d639242d", size = 271992, upload-time = "2025-06-05T16:11:23.467Z" },
    { url = "https://files.pythonhosted.org/packages/93/5d/7c27cf4d003d6e77749d299c7c8f5fd50b4f251647b5c2e97e1f20da0ab5/greenlet-3.2.3-cp312-cp312-manylinux2014_aarch64.manylinux_2_17_aarch64.whl", hash = "sha256:88cd97bf37fe24a6710ec6a3a7799f3f81d9cd33317dcf565ff9950c83f55e0b", size = 638820, upload-time = "2025-06-05T16:38:52.882Z" },
    { url = "https://files.pythonhosted.org/packages/c6/7e/807e1e9be07a125bb4c169144937910bf59b9d2f6d931578e57f0bce0ae2/greenlet-3.2.3-cp312-cp312-manylinux2014_ppc64le.manylinux_2_17_ppc64le.whl", hash = "sha256:baeedccca94880d2f5666b4fa16fc20ef50ba1ee353ee2d7092b383a243b0b0d", size = 653046, upload-time = "2025-06-05T16:41:36.343Z" },
    { url = "https://files.pythonhosted.org/packages/9d/ab/158c1a4ea1068bdbc78dba5a3de57e4c7aeb4e7fa034320ea94c688bfb61/greenlet-3.2.3-cp312-cp312-manylinux2014_s390x.manylinux_2_17_s390x.whl", hash = "sha256:be52af4b6292baecfa0f397f3edb3c6092ce071b499dd6fe292c9ac9f2c8f264", size = 647701, upload-time = "2025-06-05T16:48:19.604Z" },
    { url = "https://files.pythonhosted.org/packages/cc/0d/93729068259b550d6a0288da4ff72b86ed05626eaf1eb7c0d3466a2571de/greenlet-3.2.3-cp312-cp312-manylinux2014_x86_64.manylinux_2_17_x86_64.whl", hash = "sha256:0cc73378150b8b78b0c9fe2ce56e166695e67478550769536a6742dca3651688", size = 649747, upload-time = "2025-06-05T16:13:04.628Z" },
    { url = "https://files.pythonhosted.org/packages/f6/f6/c82ac1851c60851302d8581680573245c8fc300253fc1ff741ae74a6c24d/greenlet-3.2.3-cp312-cp312-manylinux_2_24_x86_64.manylinux_2_28_x86_64.whl", hash = "sha256:706d016a03e78df129f68c4c9b4c4f963f7d73534e48a24f5f5a7101ed13dbbb", size = 605461, upload-time = "2025-06-05T16:12:50.792Z" },
    { url = "https://files.pythonhosted.org/packages/98/82/d022cf25ca39cf1200650fc58c52af32c90f80479c25d1cbf57980ec3065/greenlet-3.2.3-cp312-cp312-musllinux_1_1_aarch64.whl", hash = "sha256:419e60f80709510c343c57b4bb5a339d8767bf9aef9b8ce43f4f143240f88b7c", size = 1121190, upload-time = "2025-06-05T16:36:48.59Z" },
    { url = "https://files.pythonhosted.org/packages/f5/e1/25297f70717abe8104c20ecf7af0a5b82d2f5a980eb1ac79f65654799f9f/greenlet-3.2.3-cp312-cp312-musllinux_1_1_x86_64.whl", hash = "sha256:93d48533fade144203816783373f27a97e4193177ebaaf0fc396db19e5d61163", size = 1149055, upload-time = "2025-06-05T16:12:40.457Z" },
    { url = "https://files.pythonhosted.org/packages/1f/8f/8f9e56c5e82eb2c26e8cde787962e66494312dc8cb261c460e1f3a9c88bc/greenlet-3.2.3-cp312-cp312-win_amd64.whl", hash = "sha256:7454d37c740bb27bdeddfc3f358f26956a07d5220818ceb467a483197d84f849", size = 297817, upload-time = "2025-06-05T16:29:49.244Z" },
    { url = "https://files.pythonhosted.org/packages/b1/cf/f5c0b23309070ae93de75c90d29300751a5aacefc0a3ed1b1d8edb28f08b/greenlet-3.2.3-cp313-cp313-macosx_11_0_universal2.whl", hash = "sha256:500b8689aa9dd1ab26872a34084503aeddefcb438e2e7317b89b11eaea1901ad", size = 270732, upload-time = "2025-06-05T16:10:08.26Z" },
    { url = "https://files.pythonhosted.org/packages/48/ae/91a957ba60482d3fecf9be49bc3948f341d706b52ddb9d83a70d42abd498/greenlet-3.2.3-cp313-cp313-manylinux2014_aarch64.manylinux_2_17_aarch64.whl", hash = "sha256:a07d3472c2a93117af3b0136f246b2833fdc0b542d4a9799ae5f41c28323faef", size = 639033, upload-time = "2025-06-05T16:38:53.983Z" },
    { url = "https://files.pythonhosted.org/packages/6f/df/20ffa66dd5a7a7beffa6451bdb7400d66251374ab40b99981478c69a67a8/greenlet-3.2.3-cp313-cp313-manylinux2014_ppc64le.manylinux_2_17_ppc64le.whl", hash = "sha256:8704b3768d2f51150626962f4b9a9e4a17d2e37c8a8d9867bbd9fa4eb938d3b3", size = 652999, upload-time = "2025-06-05T16:41:37.89Z" },
    { url = "https://files.pythonhosted.org/packages/51/b4/ebb2c8cb41e521f1d72bf0465f2f9a2fd803f674a88db228887e6847077e/greenlet-3.2.3-cp313-cp313-manylinux2014_s390x.manylinux_2_17_s390x.whl", hash = "sha256:5035d77a27b7c62db6cf41cf786cfe2242644a7a337a0e155c80960598baab95", size = 647368, upload-time = "2025-06-05T16:48:21.467Z" },
    { url = "https://files.pythonhosted.org/packages/8e/6a/1e1b5aa10dced4ae876a322155705257748108b7fd2e4fae3f2a091fe81a/greenlet-3.2.3-cp313-cp313-manylinux2014_x86_64.manylinux_2_17_x86_64.whl", hash = "sha256:2d8aa5423cd4a396792f6d4580f88bdc6efcb9205891c9d40d20f6e670992efb", size = 650037, upload-time = "2025-06-05T16:13:06.402Z" },
    { url = "https://files.pythonhosted.org/packages/26/f2/ad51331a157c7015c675702e2d5230c243695c788f8f75feba1af32b3617/greenlet-3.2.3-cp313-cp313-manylinux_2_24_x86_64.manylinux_2_28_x86_64.whl", hash = "sha256:2c724620a101f8170065d7dded3f962a2aea7a7dae133a009cada42847e04a7b", size = 608402, upload-time = "2025-06-05T16:12:51.91Z" },
    { url = "https://files.pythonhosted.org/packages/26/bc/862bd2083e6b3aff23300900a956f4ea9a4059de337f5c8734346b9b34fc/greenlet-3.2.3-cp313-cp313-musllinux_1_1_aarch64.whl", hash = "sha256:873abe55f134c48e1f2a6f53f7d1419192a3d1a4e873bace00499a4e45ea6af0", size = 1119577, upload-time = "2025-06-05T16:36:49.787Z" },
    { url = "https://files.pythonhosted.org/packages/86/94/1fc0cc068cfde885170e01de40a619b00eaa8f2916bf3541744730ffb4c3/greenlet-3.2.3-cp313-cp313-musllinux_1_1_x86_64.whl", hash = "sha256:024571bbce5f2c1cfff08bf3fbaa43bbc7444f580ae13b0099e95d0e6e67ed36", size = 1147121, upload-time = "2025-06-05T16:12:42.527Z" },
    { url = "https://files.pythonhosted.org/packages/27/1a/199f9587e8cb08a0658f9c30f3799244307614148ffe8b1e3aa22f324dea/greenlet-3.2.3-cp313-cp313-win_amd64.whl", hash = "sha256:5195fb1e75e592dd04ce79881c8a22becdfa3e6f500e7feb059b1e6fdd54d3e3", size = 297603, upload-time = "2025-06-05T16:20:12.651Z" },
    { url = "https://files.pythonhosted.org/packages/d8/ca/accd7aa5280eb92b70ed9e8f7fd79dc50a2c21d8c73b9a0856f5b564e222/greenlet-3.2.3-cp314-cp314-macosx_11_0_universal2.whl", hash = "sha256:3d04332dddb10b4a211b68111dabaee2e1a073663d117dc10247b5b1642bac86", size = 271479, upload-time = "2025-06-05T16:10:47.525Z" },
    { url = "https://files.pythonhosted.org/packages/55/71/01ed9895d9eb49223280ecc98a557585edfa56b3d0e965b9fa9f7f06b6d9/greenlet-3.2.3-cp314-cp314-manylinux2014_aarch64.manylinux_2_17_aarch64.whl", hash = "sha256:8186162dffde068a465deab08fc72c767196895c39db26ab1c17c0b77a6d8b97", size = 683952, upload-time = "2025-06-05T16:38:55.125Z" },
    { url = "https://files.pythonhosted.org/packages/ea/61/638c4bdf460c3c678a0a1ef4c200f347dff80719597e53b5edb2fb27ab54/greenlet-3.2.3-cp314-cp314-manylinux2014_ppc64le.manylinux_2_17_ppc64le.whl", hash = "sha256:f4bfbaa6096b1b7a200024784217defedf46a07c2eee1a498e94a1b5f8ec5728", size = 696917, upload-time = "2025-06-05T16:41:38.959Z" },
    { url = "https://files.pythonhosted.org/packages/22/cc/0bd1a7eb759d1f3e3cc2d1bc0f0b487ad3cc9f34d74da4b80f226fde4ec3/greenlet-3.2.3-cp314-cp314-manylinux2014_s390x.manylinux_2_17_s390x.whl", hash = "sha256:ed6cfa9200484d234d8394c70f5492f144b20d4533f69262d530a1a082f6ee9a", size = 692443, upload-time = "2025-06-05T16:48:23.113Z" },
    { url = "https://files.pythonhosted.org/packages/67/10/b2a4b63d3f08362662e89c103f7fe28894a51ae0bc890fabf37d1d780e52/greenlet-3.2.3-cp314-cp314-manylinux2014_x86_64.manylinux_2_17_x86_64.whl", hash = "sha256:02b0df6f63cd15012bed5401b47829cfd2e97052dc89da3cfaf2c779124eb892", size = 692995, upload-time = "2025-06-05T16:13:07.972Z" },
    { url = "https://files.pythonhosted.org/packages/5a/c6/ad82f148a4e3ce9564056453a71529732baf5448ad53fc323e37efe34f66/greenlet-3.2.3-cp314-cp314-manylinux_2_24_x86_64.manylinux_2_28_x86_64.whl", hash = "sha256:86c2d68e87107c1792e2e8d5399acec2487a4e993ab76c792408e59394d52141", size = 655320, upload-time = "2025-06-05T16:12:53.453Z" },
    { url = "https://files.pythonhosted.org/packages/5c/4f/aab73ecaa6b3086a4c89863d94cf26fa84cbff63f52ce9bc4342b3087a06/greenlet-3.2.3-cp314-cp314-win_amd64.whl", hash = "sha256:8c47aae8fbbfcf82cc13327ae802ba13c9c36753b67e760023fd116bc124a62a", size = 301236, upload-time = "2025-06-05T16:15:20.111Z" },
]

[[package]]
name = "msgpack"
version = "1.1.1"
source = { registry = "https://pypi.org/simple" }
sdist = { url = "https://files.pythonhosted.org/packages/45/b1/ea4f68038a18c77c9467400d166d74c4ffa536f34761f7983a104357e614/msgpack-1.1.1.tar.gz", hash = "sha256:77b79ce34a2bdab2594f490c8e80dd62a02d650b91a75159a63ec413b8d104cd", size = 173555, upload-time = "2025-06-13T06:52:51.324Z" }
wheels = [
    { url = "https://files.pythonhosted.org/packages/7f/83/97f24bf9848af23fe2ba04380388216defc49a8af6da0c28cc636d722502/msgpack-1.1.1-cp311-cp311-macosx_10_9_x86_64.whl", hash = "sha256:71ef05c1726884e44f8b1d1773604ab5d4d17729d8491403a705e649116c9558", size = 82728, upload-time = "2025-06-13T06:51:50.68Z" },
    { url = "https://files.pythonhosted.org/packages/aa/7f/2eaa388267a78401f6e182662b08a588ef4f3de6f0eab1ec09736a7aaa2b/msgpack-1.1.1-cp311-cp311-macosx_11_0_arm64.whl", hash = "sha256:36043272c6aede309d29d56851f8841ba907a1a3d04435e43e8a19928e243c1d", size = 79279, upload-time = "2025-06-13T06:51:51.72Z" },
    { url = "https://files.pythonhosted.org/packages/f8/46/31eb60f4452c96161e4dfd26dbca562b4ec68c72e4ad07d9566d7ea35e8a/msgpack-1.1.1-cp311-cp311-manylinux_2_17_aarch64.manylinux2014_aarch64.whl", hash = "sha256:a32747b1b39c3ac27d0670122b57e6e57f28eefb725e0b625618d1b59bf9d1e0", size = 423859, upload-time = "2025-06-13T06:51:52.749Z" },
    { url = "https://files.pythonhosted.org/packages/45/16/a20fa8c32825cc7ae8457fab45670c7a8996d7746ce80ce41cc51e3b2bd7/msgpack-1.1.1-cp311-cp311-manylinux_2_17_x86_64.manylinux2014_x86_64.whl", hash = "sha256:8a8b10fdb84a43e50d38057b06901ec9da52baac6983d3f709d8507f3889d43f", size = 429975, upload-time = "2025-06-13T06:51:53.97Z" },
    { url = "https://files.pythonhosted.org/packages/86/ea/6c958e07692367feeb1a1594d35e22b62f7f476f3c568b002a5ea09d443d/msgpack-1.1.1-cp311-cp311-manylinux_2_5_i686.manylinux1_i686.manylinux_2_17_i686.manylinux2014_i686.whl", hash = "sha256:ba0c325c3f485dc54ec298d8b024e134acf07c10d494ffa24373bea729acf704", size = 413528, upload-time = "2025-06-13T06:51:55.507Z" },
    { url = "https://files.pythonhosted.org/packages/75/05/ac84063c5dae79722bda9f68b878dc31fc3059adb8633c79f1e82c2cd946/msgpack-1.1.1-cp311-cp311-musllinux_1_2_aarch64.whl", hash = "sha256:88daaf7d146e48ec71212ce21109b66e06a98e5e44dca47d853cbfe171d6c8d2", size = 413338, upload-time = "2025-06-13T06:51:57.023Z" },
    { url = "https://files.pythonhosted.org/packages/69/e8/fe86b082c781d3e1c09ca0f4dacd457ede60a13119b6ce939efe2ea77b76/msgpack-1.1.1-cp311-cp311-musllinux_1_2_i686.whl", hash = "sha256:d8b55ea20dc59b181d3f47103f113e6f28a5e1c89fd5b67b9140edb442ab67f2", size = 422658, upload-time = "2025-06-13T06:51:58.419Z" },
    { url = "https://files.pythonhosted.org/packages/3b/2b/bafc9924df52d8f3bb7c00d24e57be477f4d0f967c0a31ef5e2225e035c7/msgpack-1.1.1-cp311-cp311-musllinux_1_2_x86_64.whl", hash = "sha256:4a28e8072ae9779f20427af07f53bbb8b4aa81151054e882aee333b158da8752", size = 427124, upload-time = "2025-06-13T06:51:59.969Z" },
    { url = "https://files.pythonhosted.org/packages/a2/3b/1f717e17e53e0ed0b68fa59e9188f3f610c79d7151f0e52ff3cd8eb6b2dc/msgpack-1.1.1-cp311-cp311-win32.whl", hash = "sha256:7da8831f9a0fdb526621ba09a281fadc58ea12701bc709e7b8cbc362feabc295", size = 65016, upload-time = "2025-06-13T06:52:01.294Z" },
    { url = "https://files.pythonhosted.org/packages/48/45/9d1780768d3b249accecc5a38c725eb1e203d44a191f7b7ff1941f7df60c/msgpack-1.1.1-cp311-cp311-win_amd64.whl", hash = "sha256:5fd1b58e1431008a57247d6e7cc4faa41c3607e8e7d4aaf81f7c29ea013cb458", size = 72267, upload-time = "2025-06-13T06:52:02.568Z" },
    { url = "https://files.pythonhosted.org/packages/e3/26/389b9c593eda2b8551b2e7126ad3a06af6f9b44274eb3a4f054d48ff7e47/msgpack-1.1.1-cp312-cp312-macosx_10_13_x86_64.whl", hash = "sha256:ae497b11f4c21558d95de9f64fff7053544f4d1a17731c866143ed6bb4591238", size = 82359, upload-time = "2025-06-13T06:52:03.909Z" },
    { url = "https://files.pythonhosted.org/packages/ab/65/7d1de38c8a22cf8b1551469159d4b6cf49be2126adc2482de50976084d78/msgpack-1.1.1-cp312-cp312-macosx_11_0_arm64.whl", hash = "sha256:33be9ab121df9b6b461ff91baac6f2731f83d9b27ed948c5b9d1978ae28bf157", size = 79172, upload-time = "2025-06-13T06:52:05.246Z" },
    { url = "https://files.pythonhosted.org/packages/0f/bd/cacf208b64d9577a62c74b677e1ada005caa9b69a05a599889d6fc2ab20a/msgpack-1.1.1-cp312-cp312-manylinux_2_17_aarch64.manylinux2014_aarch64.whl", hash = "sha256:6f64ae8fe7ffba251fecb8408540c34ee9df1c26674c50c4544d72dbf792e5ce", size = 425013, upload-time = "2025-06-13T06:52:06.341Z" },
    { url = "https://files.pythonhosted.org/packages/4d/ec/fd869e2567cc9c01278a736cfd1697941ba0d4b81a43e0aa2e8d71dab208/msgpack-1.1.1-cp312-cp312-manylinux_2_17_x86_64.manylinux2014_x86_64.whl", hash = "sha256:a494554874691720ba5891c9b0b39474ba43ffb1aaf32a5dac874effb1619e1a", size = 426905, upload-time = "2025-06-13T06:52:07.501Z" },
    { url = "https://files.pythonhosted.org/packages/55/2a/35860f33229075bce803a5593d046d8b489d7ba2fc85701e714fc1aaf898/msgpack-1.1.1-cp312-cp312-manylinux_2_5_i686.manylinux1_i686.manylinux_2_17_i686.manylinux2014_i686.whl", hash = "sha256:cb643284ab0ed26f6957d969fe0dd8bb17beb567beb8998140b5e38a90974f6c", size = 407336, upload-time = "2025-06-13T06:52:09.047Z" },
    { url = "https://files.pythonhosted.org/packages/8c/16/69ed8f3ada150bf92745fb4921bd621fd2cdf5a42e25eb50bcc57a5328f0/msgpack-1.1.1-cp312-cp312-musllinux_1_2_aarch64.whl", hash = "sha256:d275a9e3c81b1093c060c3837e580c37f47c51eca031f7b5fb76f7b8470f5f9b", size = 409485, upload-time = "2025-06-13T06:52:10.382Z" },
    { url = "https://files.pythonhosted.org/packages/c6/b6/0c398039e4c6d0b2e37c61d7e0e9d13439f91f780686deb8ee64ecf1ae71/msgpack-1.1.1-cp312-cp312-musllinux_1_2_i686.whl", hash = "sha256:4fd6b577e4541676e0cc9ddc1709d25014d3ad9a66caa19962c4f5de30fc09ef", size = 412182, upload-time = "2025-06-13T06:52:11.644Z" },
    { url = "https://files.pythonhosted.org/packages/b8/d0/0cf4a6ecb9bc960d624c93effaeaae75cbf00b3bc4a54f35c8507273cda1/msgpack-1.1.1-cp312-cp312-musllinux_1_2_x86_64.whl", hash = "sha256:bb29aaa613c0a1c40d1af111abf025f1732cab333f96f285d6a93b934738a68a", size = 419883, upload-time = "2025-06-13T06:52:12.806Z" },
    { url = "https://files.pythonhosted.org/packages/62/83/9697c211720fa71a2dfb632cad6196a8af3abea56eece220fde4674dc44b/msgpack-1.1.1-cp312-cp312-win32.whl", hash = "sha256:870b9a626280c86cff9c576ec0d9cbcc54a1e5ebda9cd26dab12baf41fee218c", size = 65406, upload-time = "2025-06-13T06:52:14.271Z" },
    { url = "https://files.pythonhosted.org/packages/c0/23/0abb886e80eab08f5e8c485d6f13924028602829f63b8f5fa25a06636628/msgpack-1.1.1-cp312-cp312-win_amd64.whl", hash = "sha256:5692095123007180dca3e788bb4c399cc26626da51629a31d40207cb262e67f4", size = 72558, upload-time = "2025-06-13T06:52:15.252Z" },
    { url = "https://files.pythonhosted.org/packages/a1/38/561f01cf3577430b59b340b51329803d3a5bf6a45864a55f4ef308ac11e3/msgpack-1.1.1-cp313-cp313-macosx_10_13_x86_64.whl", hash = "sha256:3765afa6bd4832fc11c3749be4ba4b69a0e8d7b728f78e68120a157a4c5d41f0", size = 81677, upload-time = "2025-06-13T06:52:16.64Z" },
    { url = "https://files.pythonhosted.org/packages/09/48/54a89579ea36b6ae0ee001cba8c61f776451fad3c9306cd80f5b5c55be87/msgpack-1.1.1-cp313-cp313-macosx_11_0_arm64.whl", hash = "sha256:8ddb2bcfd1a8b9e431c8d6f4f7db0773084e107730ecf3472f1dfe9ad583f3d9", size = 78603, upload-time = "2025-06-13T06:52:17.843Z" },
    { url = "https://files.pythonhosted.org/packages/a0/60/daba2699b308e95ae792cdc2ef092a38eb5ee422f9d2fbd4101526d8a210/msgpack-1.1.1-cp313-cp313-manylinux_2_17_aarch64.manylinux2014_aarch64.whl", hash = "sha256:196a736f0526a03653d829d7d4c5500a97eea3648aebfd4b6743875f28aa2af8", size = 420504, upload-time = "2025-06-13T06:52:18.982Z" },
    { url = "https://files.pythonhosted.org/packages/20/22/2ebae7ae43cd8f2debc35c631172ddf14e2a87ffcc04cf43ff9df9fff0d3/msgpack-1.1.1-cp313-cp313-manylinux_2_17_x86_64.manylinux2014_x86_64.whl", hash = "sha256:9d592d06e3cc2f537ceeeb23d38799c6ad83255289bb84c2e5792e5a8dea268a", size = 423749, upload-time = "2025-06-13T06:52:20.211Z" },
    { url = "https://files.pythonhosted.org/packages/40/1b/54c08dd5452427e1179a40b4b607e37e2664bca1c790c60c442c8e972e47/msgpack-1.1.1-cp313-cp313-manylinux_2_5_i686.manylinux1_i686.manylinux_2_17_i686.manylinux2014_i686.whl", hash = "sha256:4df2311b0ce24f06ba253fda361f938dfecd7b961576f9be3f3fbd60e87130ac", size = 404458, upload-time = "2025-06-13T06:52:21.429Z" },
    { url = "https://files.pythonhosted.org/packages/2e/60/6bb17e9ffb080616a51f09928fdd5cac1353c9becc6c4a8abd4e57269a16/msgpack-1.1.1-cp313-cp313-musllinux_1_2_aarch64.whl", hash = "sha256:e4141c5a32b5e37905b5940aacbc59739f036930367d7acce7a64e4dec1f5e0b", size = 405976, upload-time = "2025-06-13T06:52:22.995Z" },
    { url = "https://files.pythonhosted.org/packages/ee/97/88983e266572e8707c1f4b99c8fd04f9eb97b43f2db40e3172d87d8642db/msgpack-1.1.1-cp313-cp313-musllinux_1_2_i686.whl", hash = "sha256:b1ce7f41670c5a69e1389420436f41385b1aa2504c3b0c30620764b15dded2e7", size = 408607, upload-time = "2025-06-13T06:52:24.152Z" },
    { url = "https://files.pythonhosted.org/packages/bc/66/36c78af2efaffcc15a5a61ae0df53a1d025f2680122e2a9eb8442fed3ae4/msgpack-1.1.1-cp313-cp313-musllinux_1_2_x86_64.whl", hash = "sha256:4147151acabb9caed4e474c3344181e91ff7a388b888f1e19ea04f7e73dc7ad5", size = 424172, upload-time = "2025-06-13T06:52:25.704Z" },
    { url = "https://files.pythonhosted.org/packages/8c/87/a75eb622b555708fe0427fab96056d39d4c9892b0c784b3a721088c7ee37/msgpack-1.1.1-cp313-cp313-win32.whl", hash = "sha256:500e85823a27d6d9bba1d057c871b4210c1dd6fb01fbb764e37e4e8847376323", size = 65347, upload-time = "2025-06-13T06:52:26.846Z" },
    { url = "https://files.pythonhosted.org/packages/ca/91/7dc28d5e2a11a5ad804cf2b7f7a5fcb1eb5a4966d66a5d2b41aee6376543/msgpack-1.1.1-cp313-cp313-win_amd64.whl", hash = "sha256:6d489fba546295983abd142812bda76b57e33d0b9f5d5b71c09a583285506f69", size = 72341, upload-time = "2025-06-13T06:52:27.835Z" },
]

[[package]]
name = "neovim"
version = "0.3.1"
source = { registry = "https://pypi.org/simple" }
dependencies = [
    { name = "pynvim" },
]
sdist = { url = "https://files.pythonhosted.org/packages/78/ec/ac9905ccab8774b64c37cdff9e08db320c349eda0ae3161aebcac83e5590/neovim-0.3.1.tar.gz", hash = "sha256:a6a0e7a5b4433bf4e6ddcbc5c5ff44170be7d84259d002b8e8d8fb4ee78af60f", size = 804, upload-time = "2018-11-17T09:51:15.993Z" }

[[package]]
name = "nvim"
version = "0.1.0"
source = { virtual = "." }
dependencies = [
    { name = "neovim" },
    { name = "pynvim" },
]

[package.metadata]
requires-dist = [
    { name = "neovim", specifier = ">=0.3.1" },
    { name = "pynvim", specifier = ">=0.5.2" },
]

[[package]]
name = "pynvim"
version = "0.5.2"
source = { registry = "https://pypi.org/simple" }
dependencies = [
    { name = "greenlet", marker = "platform_python_implementation != 'PyPy'" },
    { name = "msgpack" },
    { name = "typing-extensions", marker = "python_full_version < '3.12'" },
]
sdist = { url = "https://files.pythonhosted.org/packages/09/84/c77ec45e084907e128710e08f5d7926723d7a67ccbebf27089309118807d/pynvim-0.5.2.tar.gz", hash = "sha256:734a2432db8683519f58572617528ecb4a2f321bc7b27f034b3f9b2322c15615", size = 50053, upload-time = "2024-11-13T03:07:08.734Z" }
wheels = [
    { url = "https://files.pythonhosted.org/packages/d2/11/70758ae8d5869241fe5f6ae2083a9af908f037d07e847bec53de0f96c51b/pynvim-0.5.2-py3-none-any.whl", hash = "sha256:20b1c5a18c4cddfc480950094d4135f782b1a98c32149ea63e24bbdb7021eb54", size = 46175, upload-time = "2024-11-13T03:07:07.64Z" },
]

[[package]]
name = "typing-extensions"
version = "4.14.0"
source = { registry = "https://pypi.org/simple" }
sdist = { url = "https://files.pythonhosted.org/packages/d1/bc/51647cd02527e87d05cb083ccc402f93e441606ff1f01739a62c8ad09ba5/typing_extensions-4.14.0.tar.gz", hash = "sha256:8676b788e32f02ab42d9e7c61324048ae4c6d844a399eebace3d4979d75ceef4", size = 107423, upload-time = "2025-06-02T14:52:11.399Z" }
wheels = [
    { url = "https://files.pythonhosted.org/packages/69/e0/552843e0d356fbb5256d21449fa957fa4eff3bbc135a74a691ee70c7c5da/typing_extensions-4.14.0-py3-none-any.whl", hash = "sha256:a1514509136dd0b477638fc68d6a91497af5076466ad0fa6c338e44e359944af", size = 43839, upload-time = "2025-06-02T14:52:10.026Z" },
]
